// !$*UTF8*$!
{
	archiveVersion = 1;
	classes = {
	};
	objectVersion = 46;
	objects = {

/* Begin PBXBuildFile section */
		466A8A5C47CB2D1589D971D4 /* Pods_Twitter.framework in Frameworks */ = {isa = PBXBuildFile; fileRef = DA7DE6DFF9221C361C7047A9 /* Pods_Twitter.framework */; };
		A846A8321C6ADCE000645A62 /* User.swift in Sources */ = {isa = PBXBuildFile; fileRef = A846A8311C6ADCE000645A62 /* User.swift */; };
		A846A8341C6ADCEC00645A62 /* Tweet.swift in Sources */ = {isa = PBXBuildFile; fileRef = A846A8331C6ADCEC00645A62 /* Tweet.swift */; };
		A86A5D441C6D5D9200E7F895 /* TweetsViewController.swift in Sources */ = {isa = PBXBuildFile; fileRef = A86A5D431C6D5D9200E7F895 /* TweetsViewController.swift */; };
		A87F0A871C6DA4B600F91139 /* TweetCell.swift in Sources */ = {isa = PBXBuildFile; fileRef = A87F0A861C6DA4B600F91139 /* TweetCell.swift */; };
		A8ADE52F1C69A977009E8AB2 /* TwitterClient.swift in Sources */ = {isa = PBXBuildFile; fileRef = A8ADE52E1C69A977009E8AB2 /* TwitterClient.swift */; };
		A8F5FD7F1C69A5EC0063330D /* AppDelegate.swift in Sources */ = {isa = PBXBuildFile; fileRef = A8F5FD7E1C69A5EC0063330D /* AppDelegate.swift */; };
		A8F5FD811C69A5EC0063330D /* ViewController.swift in Sources */ = {isa = PBXBuildFile; fileRef = A8F5FD801C69A5EC0063330D /* ViewController.swift */; };
		A8F5FD841C69A5EC0063330D /* Main.storyboard in Resources */ = {isa = PBXBuildFile; fileRef = A8F5FD821C69A5EC0063330D /* Main.storyboard */; };
		A8F5FD861C69A5EC0063330D /* Assets.xcassets in Resources */ = {isa = PBXBuildFile; fileRef = A8F5FD851C69A5EC0063330D /* Assets.xcassets */; };
		A8F5FD891C69A5EC0063330D /* LaunchScreen.storyboard in Resources */ = {isa = PBXBuildFile; fileRef = A8F5FD871C69A5EC0063330D /* LaunchScreen.storyboard */; };
/* End PBXBuildFile section */

/* Begin PBXFileReference section */
		A7A3385701544B82DDC9CF3A /* Pods-Twitter.debug.xcconfig */ = {isa = PBXFileReference; includeInIndex = 1; lastKnownFileType = text.xcconfig; name = "Pods-Twitter.debug.xcconfig"; path = "Pods/Target Support Files/Pods-Twitter/Pods-Twitter.debug.xcconfig"; sourceTree = "<group>"; };
		A846A8311C6ADCE000645A62 /* User.swift */ = {isa = PBXFileReference; fileEncoding = 4; lastKnownFileType = sourcecode.swift; path = User.swift; sourceTree = "<group>"; };
		A846A8331C6ADCEC00645A62 /* Tweet.swift */ = {isa = PBXFileReference; fileEncoding = 4; lastKnownFileType = sourcecode.swift; path = Tweet.swift; sourceTree = "<group>"; };
		A86A5D431C6D5D9200E7F895 /* TweetsViewController.swift */ = {isa = PBXFileReference; fileEncoding = 4; lastKnownFileType = sourcecode.swift; name = TweetsViewController.swift; path = Twitter/TweetsViewController.swift; sourceTree = "<group>"; };
		A87F0A861C6DA4B600F91139 /* TweetCell.swift */ = {isa = PBXFileReference; fileEncoding = 4; lastKnownFileType = sourcecode.swift; path = TweetCell.swift; sourceTree = "<group>"; };
		A8ADE52E1C69A977009E8AB2 /* TwitterClient.swift */ = {isa = PBXFileReference; fileEncoding = 4; lastKnownFileType = sourcecode.swift; path = TwitterClient.swift; sourceTree = "<group>"; };
		A8F5FD7B1C69A5EC0063330D /* Twitter.app */ = {isa = PBXFileReference; explicitFileType = wrapper.application; includeInIndex = 0; path = Twitter.app; sourceTree = BUILT_PRODUCTS_DIR; };
		A8F5FD7E1C69A5EC0063330D /* AppDelegate.swift */ = {isa = PBXFileReference; lastKnownFileType = sourcecode.swift; path = AppDelegate.swift; sourceTree = "<group>"; };
		A8F5FD801C69A5EC0063330D /* ViewController.swift */ = {isa = PBXFileReference; lastKnownFileType = sourcecode.swift; name = ViewController.swift; path = Twitter/ViewController.swift; sourceTree = "<group>"; };
		A8F5FD831C69A5EC0063330D /* Base */ = {isa = PBXFileReference; lastKnownFileType = file.storyboard; name = Base; path = Base.lproj/Main.storyboard; sourceTree = "<group>"; };
		A8F5FD851C69A5EC0063330D /* Assets.xcassets */ = {isa = PBXFileReference; lastKnownFileType = folder.assetcatalog; path = Assets.xcassets; sourceTree = "<group>"; };
		A8F5FD881C69A5EC0063330D /* Base */ = {isa = PBXFileReference; lastKnownFileType = file.storyboard; name = Base; path = Base.lproj/LaunchScreen.storyboard; sourceTree = "<group>"; };
		A8F5FD8A1C69A5EC0063330D /* Info.plist */ = {isa = PBXFileReference; lastKnownFileType = text.plist.xml; path = Info.plist; sourceTree = "<group>"; };
		AEFC0B2662305BE21C55F5EB /* Pods-Twitter.release.xcconfig */ = {isa = PBXFileReference; includeInIndex = 1; lastKnownFileType = text.xcconfig; name = "Pods-Twitter.release.xcconfig"; path = "Pods/Target Support Files/Pods-Twitter/Pods-Twitter.release.xcconfig"; sourceTree = "<group>"; };
		DA7DE6DFF9221C361C7047A9 /* Pods_Twitter.framework */ = {isa = PBXFileReference; explicitFileType = wrapper.framework; includeInIndex = 0; path = Pods_Twitter.framework; sourceTree = BUILT_PRODUCTS_DIR; };
/* End PBXFileReference section */

/* Begin PBXFrameworksBuildPhase section */
		A8F5FD781C69A5EC0063330D /* Frameworks */ = {
			isa = PBXFrameworksBuildPhase;
			buildActionMask = 2147483647;
			files = (
				466A8A5C47CB2D1589D971D4 /* Pods_Twitter.framework in Frameworks */,
			);
			runOnlyForDeploymentPostprocessing = 0;
		};
/* End PBXFrameworksBuildPhase section */

/* Begin PBXGroup section */
		6FD4823C8147F4E567554BC5 /* Frameworks */ = {
			isa = PBXGroup;
			children = (
				DA7DE6DFF9221C361C7047A9 /* Pods_Twitter.framework */,
			);
			name = Frameworks;
			sourceTree = "<group>";
		};
		83E2B6B547C1DE1F3D751085 /* Pods */ = {
			isa = PBXGroup;
			children = (
				A7A3385701544B82DDC9CF3A /* Pods-Twitter.debug.xcconfig */,
				AEFC0B2662305BE21C55F5EB /* Pods-Twitter.release.xcconfig */,
			);
			name = Pods;
			sourceTree = "<group>";
		};
		A846A8301C6ADC8700645A62 /* Models */ = {
			isa = PBXGroup;
			children = (
				A846A8311C6ADCE000645A62 /* User.swift */,
				A846A8331C6ADCEC00645A62 /* Tweet.swift */,
			);
			name = Models;
			sourceTree = "<group>";
		};
		A87F0A881C6DA4C200F91139 /* Views */ = {
			isa = PBXGroup;
			children = (
				A87F0A861C6DA4B600F91139 /* TweetCell.swift */,
			);
			name = Views;
			sourceTree = "<group>";
		};
		A899C46E1C6D877900152779 /* View Controllers */ = {
			isa = PBXGroup;
			children = (
				A8F5FD801C69A5EC0063330D /* ViewController.swift */,
				A86A5D431C6D5D9200E7F895 /* TweetsViewController.swift */,
			);
			name = "View Controllers";
			sourceTree = "<group>";
		};
		A8ADE52D1C69A945009E8AB2 /* API */ = {
			isa = PBXGroup;
			children = (
				A8ADE52E1C69A977009E8AB2 /* TwitterClient.swift */,
			);
			name = API;
			sourceTree = "<group>";
		};
		A8F5FD721C69A5EC0063330D = {
			isa = PBXGroup;
			children = (
				A87F0A881C6DA4C200F91139 /* Views */,
				A899C46E1C6D877900152779 /* View Controllers */,
				A8F5FD7D1C69A5EC0063330D /* Twitter */,
				A8F5FD7C1C69A5EC0063330D /* Products */,
				83E2B6B547C1DE1F3D751085 /* Pods */,
				6FD4823C8147F4E567554BC5 /* Frameworks */,
			);
			sourceTree = "<group>";
		};
		A8F5FD7C1C69A5EC0063330D /* Products */ = {
			isa = PBXGroup;
			children = (
				A8F5FD7B1C69A5EC0063330D /* Twitter.app */,
			);
			name = Products;
			sourceTree = "<group>";
		};
		A8F5FD7D1C69A5EC0063330D /* Twitter */ = {
			isa = PBXGroup;
			children = (
				A8ADE52D1C69A945009E8AB2 /* API */,
				A846A8301C6ADC8700645A62 /* Models */,
				A8F5FD7E1C69A5EC0063330D /* AppDelegate.swift */,
				A8F5FD821C69A5EC0063330D /* Main.storyboard */,
				A8F5FD851C69A5EC0063330D /* Assets.xcassets */,
				A8F5FD871C69A5EC0063330D /* LaunchScreen.storyboard */,
				A8F5FD8A1C69A5EC0063330D /* Info.plist */,
			);
			path = Twitter;
			sourceTree = "<group>";
		};
/* End PBXGroup section */

/* Begin PBXNativeTarget section */
		A8F5FD7A1C69A5EC0063330D /* Twitter */ = {
			isa = PBXNativeTarget;
			buildConfigurationList = A8F5FD8D1C69A5EC0063330D /* Build configuration list for PBXNativeTarget "Twitter" */;
			buildPhases = (
				5BFBFD6B7446947FD2F616FD /* Check Pods Manifest.lock */,
				A8F5FD771C69A5EC0063330D /* Sources */,
				A8F5FD781C69A5EC0063330D /* Frameworks */,
				A8F5FD791C69A5EC0063330D /* Resources */,
				B6A7DEDFB04A516737286461 /* Embed Pods Frameworks */,
				75302B8764B1790603733A00 /* Copy Pods Resources */,
			);
			buildRules = (
			);
			dependencies = (
			);
			name = Twitter;
			productName = Twitter;
			productReference = A8F5FD7B1C69A5EC0063330D /* Twitter.app */;
			productType = "com.apple.product-type.application";
		};
/* End PBXNativeTarget section */

/* Begin PBXProject section */
		A8F5FD731C69A5EC0063330D /* Project object */ = {
			isa = PBXProject;
			attributes = {
				LastSwiftUpdateCheck = 0720;
				LastUpgradeCheck = 0720;
				ORGANIZATIONNAME = "Che Chao Hsu";
				TargetAttributes = {
					A8F5FD7A1C69A5EC0063330D = {
						CreatedOnToolsVersion = 7.2.1;
					};
				};
			};
			buildConfigurationList = A8F5FD761C69A5EC0063330D /* Build configuration list for PBXProject "Twitter" */;
			compatibilityVersion = "Xcode 3.2";
			developmentRegion = English;
			hasScannedForEncodings = 0;
			knownRegions = (
				en,
				Base,
			);
			mainGroup = A8F5FD721C69A5EC0063330D;
			productRefGroup = A8F5FD7C1C69A5EC0063330D /* Products */;
			projectDirPath = "";
			projectRoot = "";
			targets = (
				A8F5FD7A1C69A5EC0063330D /* Twitter */,
			);
		};
/* End PBXProject section */

/* Begin PBXResourcesBuildPhase section */
		A8F5FD791C69A5EC0063330D /* Resources */ = {
			isa = PBXResourcesBuildPhase;
			buildActionMask = 2147483647;
			files = (
				A8F5FD891C69A5EC0063330D /* LaunchScreen.storyboard in Resources */,
				A8F5FD861C69A5EC0063330D /* Assets.xcassets in Resources */,
				A8F5FD841C69A5EC0063330D /* Main.storyboard in Resources */,
			);
			runOnlyForDeploymentPostprocessing = 0;
		};
/* End PBXResourcesBuildPhase section */

/* Begin PBXShellScriptBuildPhase section */
		5BFBFD6B7446947FD2F616FD /* Check Pods Manifest.lock */ = {
			isa = PBXShellScriptBuildPhase;
			buildActionMask = 2147483647;
			files = (
			);
			inputPaths = (
			);
			name = "Check Pods Manifest.lock";
			outputPaths = (
			);
			runOnlyForDeploymentPostprocessing = 0;
			shellPath = /bin/sh;
			shellScript = "diff \"${PODS_ROOT}/../Podfile.lock\" \"${PODS_ROOT}/Manifest.lock\" > /dev/null\nif [[ $? != 0 ]] ; then\n    cat << EOM\nerror: The sandbox is not in sync with the Podfile.lock. Run 'pod install' or update your CocoaPods installation.\nEOM\n    exit 1\nfi\n";
			showEnvVarsInLog = 0;
		};
		75302B8764B1790603733A00 /* Copy Pods Resources */ = {
			isa = PBXShellScriptBuildPhase;
			buildActionMask = 2147483647;
			files = (
			);
			inputPaths = (
			);
			name = "Copy Pods Resources";
			outputPaths = (
			);
			runOnlyForDeploymentPostprocessing = 0;
			shellPath = /bin/sh;
			shellScript = "\"${SRCROOT}/Pods/Target Support Files/Pods-Twitter/Pods-Twitter-resources.sh\"\n";
			showEnvVarsInLog = 0;
		};
		B6A7DEDFB04A516737286461 /* Embed Pods Frameworks */ = {
			isa = PBXShellScriptBuildPhase;
			buildActionMask = 2147483647;
			files = (
			);
			inputPaths = (
			);
			name = "Embed Pods Frameworks";
			outputPaths = (
			);
			runOnlyForDeploymentPostprocessing = 0;
			shellPath = /bin/sh;
			shellScript = "\"${SRCROOT}/Pods/Target Support Files/Pods-Twitter/Pods-Twitter-frameworks.sh\"\n";
			showEnvVarsInLog = 0;
		};
/* End PBXShellScriptBuildPhase section */

/* Begin PBXSourcesBuildPhase section */
		A8F5FD771C69A5EC0063330D /* Sources */ = {
			isa = PBXSourcesBuildPhase;
			buildActionMask = 2147483647;
			files = (
				A846A8321C6ADCE000645A62 /* User.swift in Sources */,
				A87F0A871C6DA4B600F91139 /* TweetCell.swift in Sources */,
				A846A8341C6ADCEC00645A62 /* Tweet.swift in Sources */,
				A86A5D441C6D5D9200E7F895 /* TweetsViewController.swift in Sources */,
				A8F5FD811C69A5EC0063330D /* ViewController.swift in Sources */,
				A8ADE52F1C69A977009E8AB2 /* TwitterClient.swift in Sources */,
				A8F5FD7F1C69A5EC0063330D /* AppDelegate.swift in Sources */,
			);
			runOnlyForDeploymentPostprocessing = 0;
		};
/* End PBXSourcesBuildPhase section */

/* Begin PBXVariantGroup section */
		A8F5FD821C69A5EC0063330D /* Main.storyboard */ = {
			isa = PBXVariantGroup;
			children = (
				A8F5FD831C69A5EC0063330D /* Base */,
			);
			name = Main.storyboard;
			sourceTree = "<group>";
		};
		A8F5FD871C69A5EC0063330D /* LaunchScreen.storyboard */ = {
			isa = PBXVariantGroup;
			children = (
				A8F5FD881C69A5EC0063330D /* Base */,
			);
			name = LaunchScreen.storyboard;
			sourceTree = "<group>";
		};
/* End PBXVariantGroup section */

/* Begin XCBuildConfiguration section */
		A8F5FD8B1C69A5EC0063330D /* Debug */ = {
			isa = XCBuildConfiguration;
			buildSettings = {
				ALWAYS_SEARCH_USER_PATHS = NO;
				CLANG_CXX_LANGUAGE_STANDARD = "gnu++0x";
				CLANG_CXX_LIBRARY = "libc++";
				CLANG_ENABLE_MODULES = YES;
				CLANG_ENABLE_OBJC_ARC = YES;
				CLANG_WARN_BOOL_CONVERSION = YES;
				CLANG_WARN_CONSTANT_CONVERSION = YES;
				CLANG_WARN_DIRECT_OBJC_ISA_USAGE = YES_ERROR;
				CLANG_WARN_EMPTY_BODY = YES;
				CLANG_WARN_ENUM_CONVERSION = YES;
				CLANG_WARN_INT_CONVERSION = YES;
				CLANG_WARN_OBJC_ROOT_CLASS = YES_ERROR;
				CLANG_WARN_UNREACHABLE_CODE = YES;
				CLANG_WARN__DUPLICATE_METHOD_MATCH = YES;
				"CODE_SIGN_IDENTITY[sdk=iphoneos*]" = "iPhone Developer";
				COPY_PHASE_STRIP = NO;
				DEBUG_INFORMATION_FORMAT = dwarf;
				ENABLE_STRICT_OBJC_MSGSEND = YES;
				ENABLE_TESTABILITY = YES;
				GCC_C_LANGUAGE_STANDARD = gnu99;
				GCC_DYNAMIC_NO_PIC = NO;
				GCC_NO_COMMON_BLOCKS = YES;
				GCC_OPTIMIZATION_LEVEL = 0;
				GCC_PREPROCESSOR_DEFINITIONS = (
					"DEBUG=1",
					"$(inherited)",
				);
				GCC_WARN_64_TO_32_BIT_CONVERSION = YES;
				GCC_WARN_ABOUT_RETURN_TYPE = YES_ERROR;
				GCC_WARN_UNDECLARED_SELECTOR = YES;
				GCC_WARN_UNINITIALIZED_AUTOS = YES_AGGRESSIVE;
				GCC_WARN_UNUSED_FUNCTION = YES;
				GCC_WARN_UNUSED_VARIABLE = YES;
				IPHONEOS_DEPLOYMENT_TARGET = 9.2;
				MTL_ENABLE_DEBUG_INFO = YES;
				ONLY_ACTIVE_ARCH = YES;
				SDKROOT = iphoneos;
				SWIFT_OPTIMIZATION_LEVEL = "-Onone";
			};
			name = Debug;
		};
		A8F5FD8C1C69A5EC0063330D /* Release */ = {
			isa = XCBuildConfiguration;
			buildSettings = {
				ALWAYS_SEARCH_USER_PATHS = NO;
				CLANG_CXX_LANGUAGE_STANDARD = "gnu++0x";
				CLANG_CXX_LIBRARY = "libc++";
				CLANG_ENABLE_MODULES = YES;
				CLANG_ENABLE_OBJC_ARC = YES;
				CLANG_WARN_BOOL_CONVERSION = YES;
				CLANG_WARN_CONSTANT_CONVERSION = YES;
				CLANG_WARN_DIRECT_OBJC_ISA_USAGE = YES_ERROR;
				CLANG_WARN_EMPTY_BODY = YES;
				CLANG_WARN_ENUM_CONVERSION = YES;
				CLANG_WARN_INT_CONVERSION = YES;
				CLANG_WARN_OBJC_ROOT_CLASS = YES_ERROR;
				CLANG_WARN_UNREACHABLE_CODE = YES;
				CLANG_WARN__DUPLICATE_METHOD_MATCH = YES;
				"CODE_SIGN_IDENTITY[sdk=iphoneos*]" = "iPhone Developer";
				COPY_PHASE_STRIP = NO;
				DEBUG_INFORMATION_FORMAT = "dwarf-with-dsym";
				ENABLE_NS_ASSERTIONS = NO;
				ENABLE_STRICT_OBJC_MSGSEND = YES;
				GCC_C_LANGUAGE_STANDARD = gnu99;
				GCC_NO_COMMON_BLOCKS = YES;
				GCC_WARN_64_TO_32_BIT_CONVERSION = YES;
				GCC_WARN_ABOUT_RETURN_TYPE = YES_ERROR;
				GCC_WARN_UNDECLARED_SELECTOR = YES;
				GCC_WARN_UNINITIALIZED_AUTOS = YES_AGGRESSIVE;
				GCC_WARN_UNUSED_FUNCTION = YES;
				GCC_WARN_UNUSED_VARIABLE = YES;
				IPHONEOS_DEPLOYMENT_TARGET = 9.2;
				MTL_ENABLE_DEBUG_INFO = NO;
				SDKROOT = iphoneos;
				VALIDATE_PRODUCT = YES;
			};
			name = Release;
		};
		A8F5FD8E1C69A5EC0063330D /* Debug */ = {
			isa = XCBuildConfiguration;
			baseConfigurationReference = A7A3385701544B82DDC9CF3A /* Pods-Twitter.debug.xcconfig */;
			buildSettings = {
				ASSETCATALOG_COMPILER_APPICON_NAME = AppIcon;
				INFOPLIST_FILE = Twitter/Info.plist;
				LD_RUNPATH_SEARCH_PATHS = "$(inherited) @executable_path/Frameworks";
				PRODUCT_BUNDLE_IDENTIFIER = "CCSF-CodePath.Twitter";
				PRODUCT_NAME = "$(TARGET_NAME)";
			};
			name = Debug;
		};
		A8F5FD8F1C69A5EC0063330D /* Release */ = {
			isa = XCBuildConfiguration;
			baseConfigurationReference = AEFC0B2662305BE21C55F5EB /* Pods-Twitter.release.xcconfig */;
			buildSettings = {
				ASSETCATALOG_COMPILER_APPICON_NAME = AppIcon;
				INFOPLIST_FILE = Twitter/Info.plist;
				LD_RUNPATH_SEARCH_PATHS = "$(inherited) @executable_path/Frameworks";
				PRODUCT_BUNDLE_IDENTIFIER = "CCSF-CodePath.Twitter";
				PRODUCT_NAME = "$(TARGET_NAME)";
			};
			name = Release;
		};
/* End XCBuildConfiguration section */

/* Begin XCConfigurationList section */
		A8F5FD761C69A5EC0063330D /* Build configuration list for PBXProject "Twitter" */ = {
			isa = XCConfigurationList;
			buildConfigurations = (
				A8F5FD8B1C69A5EC0063330D /* Debug */,
				A8F5FD8C1C69A5EC0063330D /* Release */,
			);
			defaultConfigurationIsVisible = 0;
			defaultConfigurationName = Release;
		};
		A8F5FD8D1C69A5EC0063330D /* Build configuration list for PBXNativeTarget "Twitter" */ = {
			isa = XCConfigurationList;
			buildConfigurations = (
				A8F5FD8E1C69A5EC0063330D /* Debug */,
				A8F5FD8F1C69A5EC0063330D /* Release */,
			);
			defaultConfigurationIsVisible = 0;
			defaultConfigurationName = Release;
		};
/* End XCConfigurationList section */
	};
	rootObject = A8F5FD731C69A5EC0063330D /* Project object */;
}
